
Microsoft Visual Studio Solution File, Format Version 12.00
# Visual Studio Version 16
VisualStudioVersion = 16.0.29509.3
MinimumVisualStudioVersion = 10.0.40219.1
Project("{FAE04EC0-301F-11D3-BF4B-00C04F79EFBC}") = "Salesforce Backup", "Salesforce Backup\Salesforce Backup.csproj", "{DD2040B8-58F9-46CB-BB84-CFCA7584B9A9}"
EndProject
Global
	GlobalSection(SolutionConfigurationPlatforms) = preSolution
		Debug|Any CPU = Debug|Any CPU
		Release|Any CPU = Release|Any CPU
	EndGlobalSection
	GlobalSection(ProjectConfigurationPlatforms) = postSolution
		{DD2040B8-58F9-46CB-BB84-CFCA7584B9A9}.Debug|Any CPU.ActiveCfg = Debug|Any CPU
		{DD2040B8-58F9-46CB-BB84-CFCA7584B9A9}.Debug|Any CPU.Build.0 = Debug|Any CPU
		{DD2040B8-58F9-46CB-BB84-CFCA7584B9A9}.Release|Any CPU.ActiveCfg = Release|Any CPU
		{DD2040B8-58F9-46CB-BB84-CFCA7584B9A9}.Release|Any CPU.Build.0 = Release|Any CPU
	EndGlobalSection
	GlobalSection(SolutionProperties) = preSolution
		HideSolutionNode = FALSE
	EndGlobalSection
	GlobalSection(ExtensibilityGlobals) = postSolution
		SolutionGuid = {8C41E7C8-8FE7-4648-B244-C0D7A66150C7}
	EndGlobalSection
EndGlobal
